
Microsoft Visual Studio Solution File, Format Version 12.00
# Visual Studio Version 17
VisualStudioVersion = 17.0.31903.59
MinimumVisualStudioVersion = 10.0.40219.1
Project("{FAE04EC0-301F-11D3-BF4B-00C04F79EFBC}") = "KendraConnector", "KendraConnector\KendraConnector.csproj", "{F7466534-1151-429A-AB41-D61BD10DAC94}"
EndProject
Project("{FAE04EC0-301F-11D3-BF4B-00C04F79EFBC}") = "KendraConnectorTest", "KendraConnectorTest\KendraConnectorTest.csproj", "{6F980DCF-A4B3-40E7-95EA-0ADF918D525D}"
EndProject
Global
	GlobalSection(SolutionConfigurationPlatforms) = preSolution
		Debug|Any CPU = Debug|Any CPU
		Release|Any CPU = Release|Any CPU
	EndGlobalSection
	GlobalSection(SolutionProperties) = preSolution
		HideSolutionNode = FALSE
	EndGlobalSection
	GlobalSection(ProjectConfigurationPlatforms) = postSolution
		{F7466534-1151-429A-AB41-D61BD10DAC94}.Debug|Any CPU.ActiveCfg = Debug|Any CPU
		{F7466534-1151-429A-AB41-D61BD10DAC94}.Debug|Any CPU.Build.0 = Debug|Any CPU
		{F7466534-1151-429A-AB41-D61BD10DAC94}.Release|Any CPU.ActiveCfg = Release|Any CPU
		{F7466534-1151-429A-AB41-D61BD10DAC94}.Release|Any CPU.Build.0 = Release|Any CPU
		{6F980DCF-A4B3-40E7-95EA-0ADF918D525D}.Debug|Any CPU.ActiveCfg = Debug|Any CPU
		{6F980DCF-A4B3-40E7-95EA-0ADF918D525D}.Debug|Any CPU.Build.0 = Debug|Any CPU
		{6F980DCF-A4B3-40E7-95EA-0ADF918D525D}.Release|Any CPU.ActiveCfg = Release|Any CPU
		{6F980DCF-A4B3-40E7-95EA-0ADF918D525D}.Release|Any CPU.Build.0 = Release|Any CPU
	EndGlobalSection
EndGlobal
